dependencies:
- name: baserow
  repository: file://charts/baserow-common
  version: 1.0.40
- name: baserow
  repository: file://charts/baserow-common
  version: 1.0.40
- name: baserow
  repository: file://charts/baserow-common
  version: 1.0.40
- name: baserow
  repository: file://charts/baserow-common
  version: 1.0.40
- name: baserow
  repository: file://charts/baserow-common
  version: 1.0.40
- name: baserow
  repository: file://charts/baserow-common
  version: 1.0.40
- name: baserow
  repository: file://charts/baserow-common
  version: 1.0.40
- name: baserow
  repository: file://charts/baserow-common
  version: 1.0.40
- name: redis
  repository: https://charts.bitnami.com/bitnami
  version: 19.5.5
- name: postgresql
  repository: https://charts.bitnami.com/bitnami
  version: 15.5.38
- name: minio
  repository: https://charts.bitnami.com/bitnami
  version: 14.6.18
- name: caddy-ingress-controller
  repository: https://caddyserver.github.io/ingress
  version: 1.1.0
digest: sha256:6e9a72931c7c1f999d4caaa6aa9056d3872a7a191c752e226457e5143200325f
generated: "2025-12-15T13:29:50.13147+01:00"
