dependencies:
- name: baserow
  repository: file://charts/baserow-common
  version: 1.0.44
- name: baserow
  repository: file://charts/baserow-common
  version: 1.0.44
- name: baserow
  repository: file://charts/baserow-common
  version: 1.0.44
- name: baserow
  repository: file://charts/baserow-common
  version: 1.0.44
- name: baserow
  repository: file://charts/baserow-common
  version: 1.0.44
- name: baserow
  repository: file://charts/baserow-common
  version: 1.0.44
- name: baserow
  repository: file://charts/baserow-common
  version: 1.0.44
- name: baserow
  repository: file://charts/baserow-common
  version: 1.0.44
- name: redis
  repository: https://charts.bitnami.com/bitnami
  version: 19.5.5
- name: postgresql
  repository: https://charts.bitnami.com/bitnami
  version: 15.5.38
- name: minio
  repository: https://charts.bitnami.com/bitnami
  version: 14.6.18
- name: caddy-ingress-controller
  repository: https://caddyserver.github.io/ingress
  version: 1.1.0
digest: sha256:759ee7506b5e3b2c8744ec70a1a97fabb2716f2ec8285c74485b15c4da2946fa
generated: "2026-02-23T15:20:22.686525+01:00"
