dependencies:
- name: baserow
  repository: file://charts/baserow-common
  version: 1.0.48
- name: baserow
  repository: file://charts/baserow-common
  version: 1.0.48
- name: baserow
  repository: file://charts/baserow-common
  version: 1.0.48
- name: baserow
  repository: file://charts/baserow-common
  version: 1.0.48
- name: baserow
  repository: file://charts/baserow-common
  version: 1.0.48
- name: baserow
  repository: file://charts/baserow-common
  version: 1.0.48
- name: baserow
  repository: file://charts/baserow-common
  version: 1.0.48
- name: baserow
  repository: file://charts/baserow-common
  version: 1.0.48
- name: redis
  repository: https://charts.bitnami.com/bitnami
  version: 19.5.5
- name: postgresql
  repository: https://charts.bitnami.com/bitnami
  version: 15.5.38
- name: minio
  repository: https://charts.bitnami.com/bitnami
  version: 14.6.18
- name: caddy-ingress-controller
  repository: https://caddyserver.github.io/ingress
  version: 1.1.0
digest: sha256:aa530dcfc88adbb8ffcb5f62f0314089ed2cff3d28c2f7350436c97e4d067483
generated: "2026-03-12T10:46:59.185054+01:00"
